
Microsoft Visual Studio Solution File, Format Version 12.00
# Visual Studio Version 17
VisualStudioVersion = 17.7.34031.279
MinimumVisualStudioVersion = 10.0.40219.1
Project("{FAE04EC0-301F-11D3-BF4B-00C04F79EFBC}") = "Progetto di un orologio", "Progetto di un orologio.csproj", "{D531AF36-5666-46E0-A8AB-22AC3B2BE7EB}"
EndProject
Global
	GlobalSection(SolutionConfigurationPlatforms) = preSolution
		Debug|Any CPU = Debug|Any CPU
		Release|Any CPU = Release|Any CPU
	EndGlobalSection
	GlobalSection(ProjectConfigurationPlatforms) = postSolution
		{D531AF36-5666-46E0-A8AB-22AC3B2BE7EB}.Debug|Any CPU.ActiveCfg = Debug|Any CPU
		{D531AF36-5666-46E0-A8AB-22AC3B2BE7EB}.Debug|Any CPU.Build.0 = Debug|Any CPU
		{D531AF36-5666-46E0-A8AB-22AC3B2BE7EB}.Release|Any CPU.ActiveCfg = Release|Any CPU
		{D531AF36-5666-46E0-A8AB-22AC3B2BE7EB}.Release|Any CPU.Build.0 = Release|Any CPU
	EndGlobalSection
	GlobalSection(SolutionProperties) = preSolution
		HideSolutionNode = FALSE
	EndGlobalSection
	GlobalSection(ExtensibilityGlobals) = postSolution
		SolutionGuid = {AD25EEA1-C535-44F0-895B-21F7FD8A12D5}
	EndGlobalSection
EndGlobal
